// !$*UTF8*$!
{
	archiveVersion = 1;
	classes = {
	};
	objectVersion = 54;
	objects = {

/* Begin PBXBuildFile section */
		058557BB273AAA24004C7B11 /* Assets.xcassets in Resources */ = {isa = PBXBuildFile; fileRef = 058557BA273AAA24004C7B11 /* Assets.xcassets */; };
		058557D9273AAEEB004C7B11 /* Preview Assets.xcassets in Resources */ = {isa = PBXBuildFile; fileRef = 058557D8273AAEEB004C7B11 /* Preview Assets.xcassets */; };
		2152FB042600AC8F00CF470E /* iOSApp.swift in Sources */ = {isa = PBXBuildFile; fileRef = 2152FB032600AC8F00CF470E /* iOSApp.swift */; };
		7555FF83242A565900829871 /* ContentView.swift in Sources */ = {isa = PBXBuildFile; fileRef = 7555FF82242A565900829871 /* ContentView.swift */; };
		B6DB54D7992C4BA8EEDC4F4A /* Pods_Renting.framework in Frameworks */ = {isa = PBXBuildFile; fileRef = 6CCA8426D3B6FDA34F2BF2BE /* Pods_Renting.framework */; };
		FA0E0C9A29A533B400EECB1E /* Podfile in Resources */ = {isa = PBXBuildFile; fileRef = FA0E0C9929A533B400EECB1E /* Podfile */; };
		FA2B96F729B1B64B00563065 /* PrimaryButtonStyle.swift in Sources */ = {isa = PBXBuildFile; fileRef = FA2B96F629B1B64B00563065 /* PrimaryButtonStyle.swift */; };
		FA51EFCF29BDE5A200030E7E /* RentingInput.swift in Sources */ = {isa = PBXBuildFile; fileRef = FA51EFCE29BDE5A200030E7E /* RentingInput.swift */; };
		FA556CBB29B104FD00F2C2C8 /* Colors.swift in Sources */ = {isa = PBXBuildFile; fileRef = FA556CBA29B104FD00F2C2C8 /* Colors.swift */; };
		FA68A0A929B8D84D00D9822F /* EnvironmentConfig.plist in Resources */ = {isa = PBXBuildFile; fileRef = FA68A0A829B8D84D00D9822F /* EnvironmentConfig.plist */; };
		FA98B2F629AB420C008E1CE4 /* ComponentHolder.swift in Sources */ = {isa = PBXBuildFile; fileRef = FA98B2F529AB420C008E1CE4 /* ComponentHolder.swift */; };
		FA98B2F829AB4863008E1CE4 /* RootView.swift in Sources */ = {isa = PBXBuildFile; fileRef = FA98B2F729AB4863008E1CE4 /* RootView.swift */; };
		FA98B2FA29AB496C008E1CE4 /* ObservableValue.swift in Sources */ = {isa = PBXBuildFile; fileRef = FA98B2F929AB496C008E1CE4 /* ObservableValue.swift */; };
		FA98B2FC29AB4A4B008E1CE4 /* LoginView.swift in Sources */ = {isa = PBXBuildFile; fileRef = FA98B2FB29AB4A4B008E1CE4 /* LoginView.swift */; };
		FA98B2FE29AB4CF7008E1CE4 /* MutableStateBuilder.swift in Sources */ = {isa = PBXBuildFile; fileRef = FA98B2FD29AB4CF7008E1CE4 /* MutableStateBuilder.swift */; };
		FA9C189429C37AF500EF8517 /* LoginError.swift in Sources */ = {isa = PBXBuildFile; fileRef = FA9C189329C37AF500EF8517 /* LoginError.swift */; };
		FAA71C1729D966C800386CC4 /* PropertyPreview.swift in Sources */ = {isa = PBXBuildFile; fileRef = FAA71C1629D966C800386CC4 /* PropertyPreview.swift */; };
		FAA71C1929D9695E00386CC4 /* PropertySnippetCard.swift in Sources */ = {isa = PBXBuildFile; fileRef = FAA71C1829D9695E00386CC4 /* PropertySnippetCard.swift */; };
		FAA71C1B29D96EA500386CC4 /* PropertySnippetsGrid.swift in Sources */ = {isa = PBXBuildFile; fileRef = FAA71C1A29D96EA500386CC4 /* PropertySnippetsGrid.swift */; };
		FAA71C1E29D976B100386CC4 /* PropertyDetailsView.swift in Sources */ = {isa = PBXBuildFile; fileRef = FAA71C1D29D976B100386CC4 /* PropertyDetailsView.swift */; };
		FAA873C929A7513900D2E202 /* RentingAppTests.swift in Sources */ = {isa = PBXBuildFile; fileRef = FAA873C829A7513900D2E202 /* RentingAppTests.swift */; };
		FAA873D629A7545500D2E202 /* RentingAppUITests.swift in Sources */ = {isa = PBXBuildFile; fileRef = FAA873D529A7545500D2E202 /* RentingAppUITests.swift */; };
		FAA873D829A7545500D2E202 /* RentingAppUITestsLaunchTests.swift in Sources */ = {isa = PBXBuildFile; fileRef = FAA873D729A7545500D2E202 /* RentingAppUITestsLaunchTests.swift */; };
		FAAC6DCD29D8794700BCE652 /* RentingImage.swift in Sources */ = {isa = PBXBuildFile; fileRef = FAAC6DCC29D8794700BCE652 /* RentingImage.swift */; };
		FAB875F929C71C29007F1378 /* FieldView.swift in Sources */ = {isa = PBXBuildFile; fileRef = FAB875F829C71C29007F1378 /* FieldView.swift */; };
		FAB875FC29C71C54007F1378 /* Field.swift in Sources */ = {isa = PBXBuildFile; fileRef = FAB875FB29C71C54007F1378 /* Field.swift */; };
		FAB875FE29C71C6E007F1378 /* FieldMappers.swift in Sources */ = {isa = PBXBuildFile; fileRef = FAB875FD29C71C6E007F1378 /* FieldMappers.swift */; };
		FACBB63629E8764100667A96 /* SearchInput.swift in Sources */ = {isa = PBXBuildFile; fileRef = FACBB63529E8764100667A96 /* SearchInput.swift */; };
		FAD2733B29D830DC008D045B /* HomeToolbarView.swift in Sources */ = {isa = PBXBuildFile; fileRef = FAD2733A29D830DC008D045B /* HomeToolbarView.swift */; };
		FADB4F3B29BB9535008AFBD2 /* DefaultEnvironmentConfig.plist in Resources */ = {isa = PBXBuildFile; fileRef = FADB4F3A29BB9535008AFBD2 /* DefaultEnvironmentConfig.plist */; };
		FAE68BEF29BCC14500B71B2D /* ToastData.swift in Sources */ = {isa = PBXBuildFile; fileRef = FAE68BEE29BCC14500B71B2D /* ToastData.swift */; };
		FAE68BF129BCC16000B71B2D /* ToastView.swift in Sources */ = {isa = PBXBuildFile; fileRef = FAE68BF029BCC16000B71B2D /* ToastView.swift */; };
		FAE68BF329BCC43500B71B2D /* ToastModifier.swift in Sources */ = {isa = PBXBuildFile; fileRef = FAE68BF229BCC43500B71B2D /* ToastModifier.swift */; };
		FAF6382529BF289D00AA8427 /* SecureInput.swift in Sources */ = {isa = PBXBuildFile; fileRef = FAF6382429BF289D00AA8427 /* SecureInput.swift */; };
		FAFEA76529BC823B00D62F2E /* RegistrationView.swift in Sources */ = {isa = PBXBuildFile; fileRef = FAFEA76429BC823B00D62F2E /* RegistrationView.swift */; };
		FAFEA76829BC825400D62F2E /* HomeView.swift in Sources */ = {isa = PBXBuildFile; fileRef = FAFEA76729BC825400D62F2E /* HomeView.swift */; };
/* End PBXBuildFile section */

/* Begin PBXContainerItemProxy section */
		FAA873CA29A7513900D2E202 /* PBXContainerItemProxy */ = {
			isa = PBXContainerItemProxy;
			containerPortal = 7555FF73242A565900829871 /* Project object */;
			proxyType = 1;
			remoteGlobalIDString = 7555FF7A242A565900829871;
			remoteInfo = RentingApp;
		};
		FAA873D929A7545500D2E202 /* PBXContainerItemProxy */ = {
			isa = PBXContainerItemProxy;
			containerPortal = 7555FF73242A565900829871 /* Project object */;
			proxyType = 1;
			remoteGlobalIDString = 7555FF7A242A565900829871;
			remoteInfo = RentingApp;
		};
/* End PBXContainerItemProxy section */

/* Begin PBXCopyFilesBuildPhase section */
		7555FFB4242A642300829871 /* Embed Frameworks */ = {
			isa = PBXCopyFilesBuildPhase;
			buildActionMask = 2147483647;
			dstPath = "";
			dstSubfolderSpec = 10;
			files = (
			);
			name = "Embed Frameworks";
			runOnlyForDeploymentPostprocessing = 0;
		};
/* End PBXCopyFilesBuildPhase section */

/* Begin PBXFileReference section */
		058557BA273AAA24004C7B11 /* Assets.xcassets */ = {isa = PBXFileReference; lastKnownFileType = folder.assetcatalog; path = Assets.xcassets; sourceTree = "<group>"; };
		058557D8273AAEEB004C7B11 /* Preview Assets.xcassets */ = {isa = PBXFileReference; lastKnownFileType = folder.assetcatalog; path = "Preview Assets.xcassets"; sourceTree = "<group>"; };
		201B4B2F17F9C9F7AB4E7B56 /* Pods-Renting.release.xcconfig */ = {isa = PBXFileReference; includeInIndex = 1; lastKnownFileType = text.xcconfig; name = "Pods-Renting.release.xcconfig"; path = "Target Support Files/Pods-Renting/Pods-Renting.release.xcconfig"; sourceTree = "<group>"; };
		2152FB032600AC8F00CF470E /* iOSApp.swift */ = {isa = PBXFileReference; lastKnownFileType = sourcecode.swift; path = iOSApp.swift; sourceTree = "<group>"; };
		6CCA8426D3B6FDA34F2BF2BE /* Pods_Renting.framework */ = {isa = PBXFileReference; explicitFileType = wrapper.framework; includeInIndex = 0; path = Pods_Renting.framework; sourceTree = BUILT_PRODUCTS_DIR; };
		7555FF7B242A565900829871 /* Renting.app */ = {isa = PBXFileReference; explicitFileType = wrapper.application; includeInIndex = 0; path = Renting.app; sourceTree = BUILT_PRODUCTS_DIR; };
		7555FF82242A565900829871 /* ContentView.swift */ = {isa = PBXFileReference; lastKnownFileType = sourcecode.swift; path = ContentView.swift; sourceTree = "<group>"; };
		7555FF8C242A565B00829871 /* Info.plist */ = {isa = PBXFileReference; lastKnownFileType = text.plist.xml; path = Info.plist; sourceTree = "<group>"; };
		B9D38A03E20123BCFE0B256A /* Pods-Renting.debug.xcconfig */ = {isa = PBXFileReference; includeInIndex = 1; lastKnownFileType = text.xcconfig; name = "Pods-Renting.debug.xcconfig"; path = "Target Support Files/Pods-Renting/Pods-Renting.debug.xcconfig"; sourceTree = "<group>"; };
		FA0E0C9929A533B400EECB1E /* Podfile */ = {isa = PBXFileReference; fileEncoding = 4; lastKnownFileType = text; path = Podfile; sourceTree = "<group>"; xcLanguageSpecificationIdentifier = xcode.lang.ruby; };
		FA2B96F629B1B64B00563065 /* PrimaryButtonStyle.swift */ = {isa = PBXFileReference; lastKnownFileType = sourcecode.swift; path = PrimaryButtonStyle.swift; sourceTree = "<group>"; };
		FA51EFCE29BDE5A200030E7E /* RentingInput.swift */ = {isa = PBXFileReference; lastKnownFileType = sourcecode.swift; path = RentingInput.swift; sourceTree = "<group>"; };
		FA556CBA29B104FD00F2C2C8 /* Colors.swift */ = {isa = PBXFileReference; lastKnownFileType = sourcecode.swift; path = Colors.swift; sourceTree = "<group>"; };
		FA68A0A829B8D84D00D9822F /* EnvironmentConfig.plist */ = {isa = PBXFileReference; lastKnownFileType = text.plist.xml; path = EnvironmentConfig.plist; sourceTree = "<group>"; };
		FA98B2F529AB420C008E1CE4 /* ComponentHolder.swift */ = {isa = PBXFileReference; lastKnownFileType = sourcecode.swift; path = ComponentHolder.swift; sourceTree = "<group>"; };
		FA98B2F729AB4863008E1CE4 /* RootView.swift */ = {isa = PBXFileReference; lastKnownFileType = sourcecode.swift; path = RootView.swift; sourceTree = "<group>"; };
		FA98B2F929AB496C008E1CE4 /* ObservableValue.swift */ = {isa = PBXFileReference; lastKnownFileType = sourcecode.swift; path = ObservableValue.swift; sourceTree = "<group>"; };
		FA98B2FB29AB4A4B008E1CE4 /* LoginView.swift */ = {isa = PBXFileReference; lastKnownFileType = sourcecode.swift; path = LoginView.swift; sourceTree = "<group>"; };
		FA98B2FD29AB4CF7008E1CE4 /* MutableStateBuilder.swift */ = {isa = PBXFileReference; lastKnownFileType = sourcecode.swift; path = MutableStateBuilder.swift; sourceTree = "<group>"; };
		FA9C189329C37AF500EF8517 /* LoginError.swift */ = {isa = PBXFileReference; lastKnownFileType = sourcecode.swift; path = LoginError.swift; sourceTree = "<group>"; };
		FAA71C1629D966C800386CC4 /* PropertyPreview.swift */ = {isa = PBXFileReference; lastKnownFileType = sourcecode.swift; path = PropertyPreview.swift; sourceTree = "<group>"; };
		FAA71C1829D9695E00386CC4 /* PropertySnippetCard.swift */ = {isa = PBXFileReference; lastKnownFileType = sourcecode.swift; path = PropertySnippetCard.swift; sourceTree = "<group>"; };
		FAA71C1A29D96EA500386CC4 /* PropertySnippetsGrid.swift */ = {isa = PBXFileReference; lastKnownFileType = sourcecode.swift; path = PropertySnippetsGrid.swift; sourceTree = "<group>"; };
		FAA71C1D29D976B100386CC4 /* PropertyDetailsView.swift */ = {isa = PBXFileReference; lastKnownFileType = sourcecode.swift; path = PropertyDetailsView.swift; sourceTree = "<group>"; };
		FAA873C629A7513900D2E202 /* RentingTests.xctest */ = {isa = PBXFileReference; explicitFileType = wrapper.cfbundle; includeInIndex = 0; path = RentingTests.xctest; sourceTree = BUILT_PRODUCTS_DIR; };
		FAA873C829A7513900D2E202 /* RentingAppTests.swift */ = {isa = PBXFileReference; lastKnownFileType = sourcecode.swift; path = RentingAppTests.swift; sourceTree = "<group>"; };
		FAA873D329A7545500D2E202 /* RentingUITests.xctest */ = {isa = PBXFileReference; explicitFileType = wrapper.cfbundle; includeInIndex = 0; path = RentingUITests.xctest; sourceTree = BUILT_PRODUCTS_DIR; };
		FAA873D529A7545500D2E202 /* RentingAppUITests.swift */ = {isa = PBXFileReference; lastKnownFileType = sourcecode.swift; path = RentingAppUITests.swift; sourceTree = "<group>"; };
		FAA873D729A7545500D2E202 /* RentingAppUITestsLaunchTests.swift */ = {isa = PBXFileReference; lastKnownFileType = sourcecode.swift; path = RentingAppUITestsLaunchTests.swift; sourceTree = "<group>"; };
		FAAC6DCC29D8794700BCE652 /* RentingImage.swift */ = {isa = PBXFileReference; lastKnownFileType = sourcecode.swift; path = RentingImage.swift; sourceTree = "<group>"; };
		FAB875F829C71C29007F1378 /* FieldView.swift */ = {isa = PBXFileReference; lastKnownFileType = sourcecode.swift; path = FieldView.swift; sourceTree = "<group>"; };
		FAB875FB29C71C54007F1378 /* Field.swift */ = {isa = PBXFileReference; lastKnownFileType = sourcecode.swift; path = Field.swift; sourceTree = "<group>"; };
		FAB875FD29C71C6E007F1378 /* FieldMappers.swift */ = {isa = PBXFileReference; lastKnownFileType = sourcecode.swift; path = FieldMappers.swift; sourceTree = "<group>"; };
		FACBB63529E8764100667A96 /* SearchInput.swift */ = {isa = PBXFileReference; lastKnownFileType = sourcecode.swift; path = SearchInput.swift; sourceTree = "<group>"; };
		FAD2733A29D830DC008D045B /* HomeToolbarView.swift */ = {isa = PBXFileReference; lastKnownFileType = sourcecode.swift; path = HomeToolbarView.swift; sourceTree = "<group>"; };
		FADB4F3A29BB9535008AFBD2 /* DefaultEnvironmentConfig.plist */ = {isa = PBXFileReference; lastKnownFileType = text.plist.xml; path = DefaultEnvironmentConfig.plist; sourceTree = "<group>"; };
		FAE68BEE29BCC14500B71B2D /* ToastData.swift */ = {isa = PBXFileReference; lastKnownFileType = sourcecode.swift; path = ToastData.swift; sourceTree = "<group>"; };
		FAE68BF029BCC16000B71B2D /* ToastView.swift */ = {isa = PBXFileReference; lastKnownFileType = sourcecode.swift; path = ToastView.swift; sourceTree = "<group>"; };
		FAE68BF229BCC43500B71B2D /* ToastModifier.swift */ = {isa = PBXFileReference; lastKnownFileType = sourcecode.swift; path = ToastModifier.swift; sourceTree = "<group>"; };
		FAF6382429BF289D00AA8427 /* SecureInput.swift */ = {isa = PBXFileReference; lastKnownFileType = sourcecode.swift; path = SecureInput.swift; sourceTree = "<group>"; };
		FAFEA76429BC823B00D62F2E /* RegistrationView.swift */ = {isa = PBXFileReference; lastKnownFileType = sourcecode.swift; path = RegistrationView.swift; sourceTree = "<group>"; };
		FAFEA76729BC825400D62F2E /* HomeView.swift */ = {isa = PBXFileReference; lastKnownFileType = sourcecode.swift; path = HomeView.swift; sourceTree = "<group>"; };
/* End PBXFileReference section */

/* Begin PBXFrameworksBuildPhase section */
		7555FF78242A565900829871 /* Frameworks */ = {
			isa = PBXFrameworksBuildPhase;
			buildActionMask = 2147483647;
			files = (
				B6DB54D7992C4BA8EEDC4F4A /* Pods_Renting.framework in Frameworks */,
			);
			runOnlyForDeploymentPostprocessing = 0;
		};
		FAA873C329A7513900D2E202 /* Frameworks */ = {
			isa = PBXFrameworksBuildPhase;
			buildActionMask = 2147483647;
			files = (
			);
			runOnlyForDeploymentPostprocessing = 0;
		};
		FAA873D029A7545500D2E202 /* Frameworks */ = {
			isa = PBXFrameworksBuildPhase;
			buildActionMask = 2147483647;
			files = (
			);
			runOnlyForDeploymentPostprocessing = 0;
		};
/* End PBXFrameworksBuildPhase section */

/* Begin PBXGroup section */
		058557D7273AAEEB004C7B11 /* Preview Content */ = {
			isa = PBXGroup;
			children = (
				058557D8273AAEEB004C7B11 /* Preview Assets.xcassets */,
			);
			path = "Preview Content";
			sourceTree = "<group>";
		};
		7555FF72242A565900829871 = {
			isa = PBXGroup;
			children = (
				FADB4F3A29BB9535008AFBD2 /* DefaultEnvironmentConfig.plist */,
				FA68A0A829B8D84D00D9822F /* EnvironmentConfig.plist */,
				FA0E0C9929A533B400EECB1E /* Podfile */,
				7555FF7D242A565900829871 /* Renting */,
				FAA873C729A7513900D2E202 /* RentingTests */,
				FAA873D429A7545500D2E202 /* RentingUITests */,
				7555FF7C242A565900829871 /* Products */,
				C10C4380DE1205B5AE83BD57 /* Pods */,
				C6A2414C68F284FB4E330F42 /* Frameworks */,
			);
			sourceTree = "<group>";
		};
		7555FF7C242A565900829871 /* Products */ = {
			isa = PBXGroup;
			children = (
				7555FF7B242A565900829871 /* Renting.app */,
				FAA873C629A7513900D2E202 /* RentingTests.xctest */,
				FAA873D329A7545500D2E202 /* RentingUITests.xctest */,
			);
			name = Products;
			sourceTree = "<group>";
		};
		7555FF7D242A565900829871 /* Renting */ = {
			isa = PBXGroup;
			children = (
				FA2B96F429B1B62300563065 /* Core */,
				FA556CB929B104F000F2C2C8 /* Core */,
				FA4CD77729AE704700BA40E9 /* App */,
				FA4CD77529AE701D00BA40E9 /* Feature */,
				FA4CD77429AE700200BA40E9 /* Utils */,
				058557BA273AAA24004C7B11 /* Assets.xcassets */,
				7555FF8C242A565B00829871 /* Info.plist */,
				058557D7273AAEEB004C7B11 /* Preview Content */,
			);
			path = Renting;
			sourceTree = "<group>";
		};
		C10C4380DE1205B5AE83BD57 /* Pods */ = {
			isa = PBXGroup;
			children = (
				B9D38A03E20123BCFE0B256A /* Pods-Renting.debug.xcconfig */,
				201B4B2F17F9C9F7AB4E7B56 /* Pods-Renting.release.xcconfig */,
			);
			path = Pods;
			sourceTree = "<group>";
		};
		C6A2414C68F284FB4E330F42 /* Frameworks */ = {
			isa = PBXGroup;
			children = (
				6CCA8426D3B6FDA34F2BF2BE /* Pods_Renting.framework */,
			);
			name = Frameworks;
			sourceTree = "<group>";
		};
		FA2B96F429B1B62300563065 /* Core */ = {
			isa = PBXGroup;
			children = (
				FAB875FA29C71C42007F1378 /* Form */,
				FAE68BED29BCC09C00B71B2D /* Uikit */,
				FA2B96F529B1B62D00563065 /* Brandbook */,
			);
			path = Core;
			sourceTree = "<group>";
		};
		FA2B96F529B1B62D00563065 /* Brandbook */ = {
			isa = PBXGroup;
			children = (
				FA2B96F629B1B64B00563065 /* PrimaryButtonStyle.swift */,
			);
			path = Brandbook;
			sourceTree = "<group>";
		};
		FA4CD77429AE700200BA40E9 /* Utils */ = {
			isa = PBXGroup;
			children = (
				FA98B2FD29AB4CF7008E1CE4 /* MutableStateBuilder.swift */,
				FA98B2F929AB496C008E1CE4 /* ObservableValue.swift */,
				FA98B2F529AB420C008E1CE4 /* ComponentHolder.swift */,
			);
			path = Utils;
			sourceTree = "<group>";
		};
		FA4CD77529AE701D00BA40E9 /* Feature */ = {
			isa = PBXGroup;
			children = (
				FACBB63429E8763600667A96 /* Search */,
				FAA71C1529D966B800386CC4 /* Property */,
				FAFEA76629BC824B00D62F2E /* Home */,
				FAFEA76329BC822A00D62F2E /* Registration */,
				FA4CD77629AE702400BA40E9 /* Login */,
			);
			path = Feature;
			sourceTree = "<group>";
		};
		FA4CD77629AE702400BA40E9 /* Login */ = {
			isa = PBXGroup;
			children = (
				FA98B2FB29AB4A4B008E1CE4 /* LoginView.swift */,
				FA9C189329C37AF500EF8517 /* LoginError.swift */,
			);
			path = Login;
			sourceTree = "<group>";
		};
		FA4CD77729AE704700BA40E9 /* App */ = {
			isa = PBXGroup;
			children = (
				7555FF82242A565900829871 /* ContentView.swift */,
				2152FB032600AC8F00CF470E /* iOSApp.swift */,
				FA98B2F729AB4863008E1CE4 /* RootView.swift */,
			);
			path = App;
			sourceTree = "<group>";
		};
		FA51EFCD29BDE59300030E7E /* Input */ = {
			isa = PBXGroup;
			children = (
				FA51EFCE29BDE5A200030E7E /* RentingInput.swift */,
				FAF6382429BF289D00AA8427 /* SecureInput.swift */,
				FAB875F829C71C29007F1378 /* FieldView.swift */,
			);
			path = Input;
			sourceTree = "<group>";
		};
		FA556CB929B104F000F2C2C8 /* Core */ = {
			isa = PBXGroup;
			children = (
				FA556CBA29B104FD00F2C2C8 /* Colors.swift */,
			);
			path = Core;
			sourceTree = "<group>";
		};
		FA92E1AA29BCFE78005592AF /* Toast */ = {
			isa = PBXGroup;
			children = (
				FAE68BEE29BCC14500B71B2D /* ToastData.swift */,
				FAE68BF029BCC16000B71B2D /* ToastView.swift */,
				FAE68BF229BCC43500B71B2D /* ToastModifier.swift */,
			);
			path = Toast;
			sourceTree = "<group>";
		};
		FAA71C1529D966B800386CC4 /* Property */ = {
			isa = PBXGroup;
			children = (
				FAA71C1C29D976A400386CC4 /* Details */,
				FAA71C1629D966C800386CC4 /* PropertyPreview.swift */,
				FAA71C1829D9695E00386CC4 /* PropertySnippetCard.swift */,
				FAA71C1A29D96EA500386CC4 /* PropertySnippetsGrid.swift */,
			);
			path = Property;
			sourceTree = "<group>";
		};
		FAA71C1C29D976A400386CC4 /* Details */ = {
			isa = PBXGroup;
			children = (
				FAA71C1D29D976B100386CC4 /* PropertyDetailsView.swift */,
			);
			path = Details;
			sourceTree = "<group>";
		};
		FAA873C729A7513900D2E202 /* RentingTests */ = {
			isa = PBXGroup;
			children = (
				FAA873C829A7513900D2E202 /* RentingAppTests.swift */,
			);
			path = RentingTests;
			sourceTree = "<group>";
		};
		FAA873D429A7545500D2E202 /* RentingUITests */ = {
			isa = PBXGroup;
			children = (
				FAA873D529A7545500D2E202 /* RentingAppUITests.swift */,
				FAA873D729A7545500D2E202 /* RentingAppUITestsLaunchTests.swift */,
			);
			path = RentingUITests;
			sourceTree = "<group>";
		};
		FAB875FA29C71C42007F1378 /* Form */ = {
			isa = PBXGroup;
			children = (
				FAB875FB29C71C54007F1378 /* Field.swift */,
				FAB875FD29C71C6E007F1378 /* FieldMappers.swift */,
			);
			path = Form;
			sourceTree = "<group>";
		};
		FACBB63429E8763600667A96 /* Search */ = {
			isa = PBXGroup;
			children = (
				FACBB63529E8764100667A96 /* SearchInput.swift */,
			);
			path = Search;
			sourceTree = "<group>";
		};
		FAE68BED29BCC09C00B71B2D /* Uikit */ = {
			isa = PBXGroup;
			children = (
				FA51EFCD29BDE59300030E7E /* Input */,
				FA92E1AA29BCFE78005592AF /* Toast */,
				FAAC6DCC29D8794700BCE652 /* RentingImage.swift */,
			);
			path = Uikit;
			sourceTree = "<group>";
		};
		FAFEA76329BC822A00D62F2E /* Registration */ = {
			isa = PBXGroup;
			children = (
				FAFEA76429BC823B00D62F2E /* RegistrationView.swift */,
			);
			path = Registration;
			sourceTree = "<group>";
		};
		FAFEA76629BC824B00D62F2E /* Home */ = {
			isa = PBXGroup;
			children = (
				FAFEA76729BC825400D62F2E /* HomeView.swift */,
				FAD2733A29D830DC008D045B /* HomeToolbarView.swift */,
			);
			path = Home;
			sourceTree = "<group>";
		};
/* End PBXGroup section */

/* Begin PBXNativeTarget section */
		7555FF7A242A565900829871 /* Renting */ = {
			isa = PBXNativeTarget;
			buildConfigurationList = 7555FFA5242A565B00829871 /* Build configuration list for PBXNativeTarget "Renting" */;
			buildPhases = (
				3AF09499A5CFAA61D3F6B3B9 /* [CP] Check Pods Manifest.lock */,
				7555FFB5242A651A00829871 /* Run Script */,
				7555FF77242A565900829871 /* Sources */,
				FA0E0C9B29A5362300EECB1E /* Linter (SwiftLint) */,
				7555FF78242A565900829871 /* Frameworks */,
				7555FF79242A565900829871 /* Resources */,
				7555FFB4242A642300829871 /* Embed Frameworks */,
			);
			buildRules = (
			);
			dependencies = (
			);
			name = Renting;
			productName = iosApp;
			productReference = 7555FF7B242A565900829871 /* Renting.app */;
			productType = "com.apple.product-type.application";
		};
		FAA873C529A7513900D2E202 /* RentingTests */ = {
			isa = PBXNativeTarget;
			buildConfigurationList = FAA873CC29A7513900D2E202 /* Build configuration list for PBXNativeTarget "RentingTests" */;
			buildPhases = (
				FAA873C229A7513900D2E202 /* Sources */,
				FAA873C329A7513900D2E202 /* Frameworks */,
				FAA873C429A7513900D2E202 /* Resources */,
			);
			buildRules = (
			);
			dependencies = (
				FAA873CB29A7513900D2E202 /* PBXTargetDependency */,
			);
			name = RentingTests;
			productName = RentingAppTests;
			productReference = FAA873C629A7513900D2E202 /* RentingTests.xctest */;
			productType = "com.apple.product-type.bundle.unit-test";
		};
		FAA873D229A7545500D2E202 /* RentingUITests */ = {
			isa = PBXNativeTarget;
			buildConfigurationList = FAA873DB29A7545500D2E202 /* Build configuration list for PBXNativeTarget "RentingUITests" */;
			buildPhases = (
				FAA873CF29A7545500D2E202 /* Sources */,
				FAA873D029A7545500D2E202 /* Frameworks */,
				FAA873D129A7545500D2E202 /* Resources */,
			);
			buildRules = (
			);
			dependencies = (
				FAA873DA29A7545500D2E202 /* PBXTargetDependency */,
			);
			name = RentingUITests;
			productName = RentingAppUITests;
			productReference = FAA873D329A7545500D2E202 /* RentingUITests.xctest */;
			productType = "com.apple.product-type.bundle.ui-testing";
		};
/* End PBXNativeTarget section */

/* Begin PBXProject section */
		7555FF73242A565900829871 /* Project object */ = {
			isa = PBXProject;
			attributes = {
				LastSwiftUpdateCheck = 1420;
				LastUpgradeCheck = 1420;
				ORGANIZATIONNAME = Renting;
				TargetAttributes = {
					7555FF7A242A565900829871 = {
						CreatedOnToolsVersion = 11.3.1;
					};
					FAA873C529A7513900D2E202 = {
						CreatedOnToolsVersion = 14.2;
						TestTargetID = 7555FF7A242A565900829871;
					};
					FAA873D229A7545500D2E202 = {
						CreatedOnToolsVersion = 14.2;
						TestTargetID = 7555FF7A242A565900829871;
					};
				};
			};
			buildConfigurationList = 7555FF76242A565900829871 /* Build configuration list for PBXProject "Renting" */;
			compatibilityVersion = "Xcode 9.3";
			developmentRegion = en;
			hasScannedForEncodings = 0;
			knownRegions = (
				en,
				Base,
				ru,
			);
			mainGroup = 7555FF72242A565900829871;
			productRefGroup = 7555FF7C242A565900829871 /* Products */;
			projectDirPath = "";
			projectRoot = "";
			targets = (
				7555FF7A242A565900829871 /* Renting */,
				FAA873C529A7513900D2E202 /* RentingTests */,
				FAA873D229A7545500D2E202 /* RentingUITests */,
			);
		};
/* End PBXProject section */

/* Begin PBXResourcesBuildPhase section */
		7555FF79242A565900829871 /* Resources */ = {
			isa = PBXResourcesBuildPhase;
			buildActionMask = 2147483647;
			files = (
				FADB4F3B29BB9535008AFBD2 /* DefaultEnvironmentConfig.plist in Resources */,
				FA68A0A929B8D84D00D9822F /* EnvironmentConfig.plist in Resources */,
				FA0E0C9A29A533B400EECB1E /* Podfile in Resources */,
				058557D9273AAEEB004C7B11 /* Preview Assets.xcassets in Resources */,
				058557BB273AAA24004C7B11 /* Assets.xcassets in Resources */,
			);
			runOnlyForDeploymentPostprocessing = 0;
		};
		FAA873C429A7513900D2E202 /* Resources */ = {
			isa = PBXResourcesBuildPhase;
			buildActionMask = 2147483647;
			files = (
			);
			runOnlyForDeploymentPostprocessing = 0;
		};
		FAA873D129A7545500D2E202 /* Resources */ = {
			isa = PBXResourcesBuildPhase;
			buildActionMask = 2147483647;
			files = (
			);
			runOnlyForDeploymentPostprocessing = 0;
		};
/* End PBXResourcesBuildPhase section */

/* Begin PBXShellScriptBuildPhase section */
		3AF09499A5CFAA61D3F6B3B9 /* [CP] Check Pods Manifest.lock */ = {
			isa = PBXShellScriptBuildPhase;
			buildActionMask = 2147483647;
			files = (
			);
			inputFileListPaths = (
			);
			inputPaths = (
				"${PODS_PODFILE_DIR_PATH}/Podfile.lock",
				"${PODS_ROOT}/Manifest.lock",
			);
			name = "[CP] Check Pods Manifest.lock";
			outputFileListPaths = (
			);
			outputPaths = (
				"$(DERIVED_FILE_DIR)/Pods-Renting-checkManifestLockResult.txt",
			);
			runOnlyForDeploymentPostprocessing = 0;
			shellPath = /bin/sh;
			shellScript = "diff \"${PODS_PODFILE_DIR_PATH}/Podfile.lock\" \"${PODS_ROOT}/Manifest.lock\" > /dev/null\nif [ $? != 0 ] ; then\n    # print error to STDERR\n    echo \"error: The sandbox is not in sync with the Podfile.lock. Run 'pod install' or update your CocoaPods installation.\" >&2\n    exit 1\nfi\n# This output is used by Xcode 'outputs' to avoid re-running this script phase.\necho \"SUCCESS\" > \"${SCRIPT_OUTPUT_FILE_0}\"\n";
			showEnvVarsInLog = 0;
		};
		7555FFB5242A651A00829871 /* Run Script */ = {
			isa = PBXShellScriptBuildPhase;
			alwaysOutOfDate = 1;
			buildActionMask = 2147483647;
			files = (
			);
			inputFileListPaths = (
			);
			inputPaths = (
			);
			name = "Run Script";
			outputFileListPaths = (
			);
			outputPaths = (
			);
			runOnlyForDeploymentPostprocessing = 0;
			shellPath = /bin/sh;
			shellScript = "cd \"$SRCROOT/..\"\n./gradlew :shared:embedAndSignAppleFrameworkForXcode\n";
		};
		FA0E0C9B29A5362300EECB1E /* Linter (SwiftLint) */ = {
			isa = PBXShellScriptBuildPhase;
			alwaysOutOfDate = 1;
			buildActionMask = 2147483647;
			files = (
			);
			inputFileListPaths = (
			);
			inputPaths = (
			);
			name = "Linter (SwiftLint)";
			outputFileListPaths = (
			);
			outputPaths = (
			);
			runOnlyForDeploymentPostprocessing = 0;
			shellPath = /bin/sh;
			shellScript = "if which \"${PODS_ROOT}/SwiftLint/swiftlint\" >/dev/null; then\n    \"${PODS_ROOT}/SwiftLint/swiftlint\"\nelse\n    echo \"SwiftLint not installed; install it from https://github.com/realm/SwiftLint\"\nfi\n";
		};
/* End PBXShellScriptBuildPhase section */

/* Begin PBXSourcesBuildPhase section */
		7555FF77242A565900829871 /* Sources */ = {
			isa = PBXSourcesBuildPhase;
			buildActionMask = 2147483647;
			files = (
				FAE68BF329BCC43500B71B2D /* ToastModifier.swift in Sources */,
				FA98B2FC29AB4A4B008E1CE4 /* LoginView.swift in Sources */,
				FAA71C1E29D976B100386CC4 /* PropertyDetailsView.swift in Sources */,
				FA556CBB29B104FD00F2C2C8 /* Colors.swift in Sources */,
				FAA71C1729D966C800386CC4 /* PropertyPreview.swift in Sources */,
				FAF6382529BF289D00AA8427 /* SecureInput.swift in Sources */,
				FA98B2F829AB4863008E1CE4 /* RootView.swift in Sources */,
				FAE68BEF29BCC14500B71B2D /* ToastData.swift in Sources */,
				FA51EFCF29BDE5A200030E7E /* RentingInput.swift in Sources */,
				FAAC6DCD29D8794700BCE652 /* RentingImage.swift in Sources */,
				FAD2733B29D830DC008D045B /* HomeToolbarView.swift in Sources */,
				FAB875F929C71C29007F1378 /* FieldView.swift in Sources */,
				FA98B2FE29AB4CF7008E1CE4 /* MutableStateBuilder.swift in Sources */,
				FA98B2FA29AB496C008E1CE4 /* ObservableValue.swift in Sources */,
				FAB875FC29C71C54007F1378 /* Field.swift in Sources */,
				FAFEA76829BC825400D62F2E /* HomeView.swift in Sources */,
				FAE68BF129BCC16000B71B2D /* ToastView.swift in Sources */,
				FA2B96F729B1B64B00563065 /* PrimaryButtonStyle.swift in Sources */,
				FA9C189429C37AF500EF8517 /* LoginError.swift in Sources */,
				FAA71C1B29D96EA500386CC4 /* PropertySnippetsGrid.swift in Sources */,
				2152FB042600AC8F00CF470E /* iOSApp.swift in Sources */,
				FA98B2F629AB420C008E1CE4 /* ComponentHolder.swift in Sources */,
				FAB875FE29C71C6E007F1378 /* FieldMappers.swift in Sources */,
				7555FF83242A565900829871 /* ContentView.swift in Sources */,
				FAA71C1929D9695E00386CC4 /* PropertySnippetCard.swift in Sources */,
				FAFEA76529BC823B00D62F2E /* RegistrationView.swift in Sources */,
				FACBB63629E8764100667A96 /* SearchInput.swift in Sources */,
			);
			runOnlyForDeploymentPostprocessing = 0;
		};
		FAA873C229A7513900D2E202 /* Sources */ = {
			isa = PBXSourcesBuildPhase;
			buildActionMask = 2147483647;
			files = (
				FAA873C929A7513900D2E202 /* RentingAppTests.swift in Sources */,
			);
			runOnlyForDeploymentPostprocessing = 0;
		};
		FAA873CF29A7545500D2E202 /* Sources */ = {
			isa = PBXSourcesBuildPhase;
			buildActionMask = 2147483647;
			files = (
				FAA873D829A7545500D2E202 /* RentingAppUITestsLaunchTests.swift in Sources */,
				FAA873D629A7545500D2E202 /* RentingAppUITests.swift in Sources */,
			);
			runOnlyForDeploymentPostprocessing = 0;
		};
/* End PBXSourcesBuildPhase section */

/* Begin PBXTargetDependency section */
		FAA873CB29A7513900D2E202 /* PBXTargetDependency */ = {
			isa = PBXTargetDependency;
			target = 7555FF7A242A565900829871 /* Renting */;
			targetProxy = FAA873CA29A7513900D2E202 /* PBXContainerItemProxy */;
		};
		FAA873DA29A7545500D2E202 /* PBXTargetDependency */ = {
			isa = PBXTargetDependency;
			target = 7555FF7A242A565900829871 /* Renting */;
			targetProxy = FAA873D929A7545500D2E202 /* PBXContainerItemProxy */;
		};
/* End PBXTargetDependency section */

/* Begin XCBuildConfiguration section */
		7555FFA3242A565B00829871 /* Debug */ = {
			isa = XCBuildConfiguration;
			buildSettings = {
				ALWAYS_SEARCH_USER_PATHS = NO;
				CLANG_ANALYZER_LOCALIZABILITY_NONLOCALIZED = YES;
				CLANG_ANALYZER_NONNULL = YES;
				CLANG_ANALYZER_NUMBER_OBJECT_CONVERSION = YES_AGGRESSIVE;
				CLANG_CXX_LANGUAGE_STANDARD = "gnu++14";
				CLANG_CXX_LIBRARY = "libc++";
				CLANG_ENABLE_MODULES = YES;
				CLANG_ENABLE_OBJC_ARC = YES;
				CLANG_ENABLE_OBJC_WEAK = YES;
				CLANG_WARN_BLOCK_CAPTURE_AUTORELEASING = YES;
				CLANG_WARN_BOOL_CONVERSION = YES;
				CLANG_WARN_COMMA = YES;
				CLANG_WARN_CONSTANT_CONVERSION = YES;
				CLANG_WARN_DEPRECATED_OBJC_IMPLEMENTATIONS = YES;
				CLANG_WARN_DIRECT_OBJC_ISA_USAGE = YES_ERROR;
				CLANG_WARN_DOCUMENTATION_COMMENTS = YES;
				CLANG_WARN_EMPTY_BODY = YES;
				CLANG_WARN_ENUM_CONVERSION = YES;
				CLANG_WARN_INFINITE_RECURSION = YES;
				CLANG_WARN_INT_CONVERSION = YES;
				CLANG_WARN_NON_LITERAL_NULL_CONVERSION = YES;
				CLANG_WARN_OBJC_IMPLICIT_RETAIN_SELF = YES;
				CLANG_WARN_OBJC_LITERAL_CONVERSION = YES;
				CLANG_WARN_OBJC_ROOT_CLASS = YES_ERROR;
				CLANG_WARN_QUOTED_INCLUDE_IN_FRAMEWORK_HEADER = YES;
				CLANG_WARN_RANGE_LOOP_ANALYSIS = YES;
				CLANG_WARN_STRICT_PROTOTYPES = YES;
				CLANG_WARN_SUSPICIOUS_MOVE = YES;
				CLANG_WARN_UNGUARDED_AVAILABILITY = YES_AGGRESSIVE;
				CLANG_WARN_UNREACHABLE_CODE = YES;
				CLANG_WARN__DUPLICATE_METHOD_MATCH = YES;
				COPY_PHASE_STRIP = NO;
				DEBUG_INFORMATION_FORMAT = "dwarf-with-dsym";
				ENABLE_STRICT_OBJC_MSGSEND = YES;
				ENABLE_TESTABILITY = YES;
				GCC_C_LANGUAGE_STANDARD = gnu11;
				GCC_DYNAMIC_NO_PIC = NO;
				GCC_NO_COMMON_BLOCKS = YES;
				GCC_OPTIMIZATION_LEVEL = 0;
				GCC_PREPROCESSOR_DEFINITIONS = (
					"DEBUG=1",
					"$(inherited)",
				);
				GCC_WARN_64_TO_32_BIT_CONVERSION = YES;
				GCC_WARN_ABOUT_RETURN_TYPE = YES_ERROR;
				GCC_WARN_UNDECLARED_SELECTOR = YES;
				GCC_WARN_UNINITIALIZED_AUTOS = YES_AGGRESSIVE;
				GCC_WARN_UNUSED_FUNCTION = YES;
				GCC_WARN_UNUSED_VARIABLE = YES;
				IPHONEOS_DEPLOYMENT_TARGET = 15.0;
				MTL_ENABLE_DEBUG_INFO = INCLUDE_SOURCE;
				MTL_FAST_MATH = YES;
				ONLY_ACTIVE_ARCH = YES;
				SDKROOT = iphoneos;
				SWIFT_ACTIVE_COMPILATION_CONDITIONS = DEBUG;
				SWIFT_OPTIMIZATION_LEVEL = "-Onone";
			};
			name = Debug;
		};
		7555FFA4242A565B00829871 /* Release */ = {
			isa = XCBuildConfiguration;
			buildSettings = {
				ALWAYS_SEARCH_USER_PATHS = NO;
				CLANG_ANALYZER_LOCALIZABILITY_NONLOCALIZED = YES;
				CLANG_ANALYZER_NONNULL = YES;
				CLANG_ANALYZER_NUMBER_OBJECT_CONVERSION = YES_AGGRESSIVE;
				CLANG_CXX_LANGUAGE_STANDARD = "gnu++14";
				CLANG_CXX_LIBRARY = "libc++";
				CLANG_ENABLE_MODULES = YES;
				CLANG_ENABLE_OBJC_ARC = YES;
				CLANG_ENABLE_OBJC_WEAK = YES;
				CLANG_WARN_BLOCK_CAPTURE_AUTORELEASING = YES;
				CLANG_WARN_BOOL_CONVERSION = YES;
				CLANG_WARN_COMMA = YES;
				CLANG_WARN_CONSTANT_CONVERSION = YES;
				CLANG_WARN_DEPRECATED_OBJC_IMPLEMENTATIONS = YES;
				CLANG_WARN_DIRECT_OBJC_ISA_USAGE = YES_ERROR;
				CLANG_WARN_DOCUMENTATION_COMMENTS = YES;
				CLANG_WARN_EMPTY_BODY = YES;
				CLANG_WARN_ENUM_CONVERSION = YES;
				CLANG_WARN_INFINITE_RECURSION = YES;
				CLANG_WARN_INT_CONVERSION = YES;
				CLANG_WARN_NON_LITERAL_NULL_CONVERSION = YES;
				CLANG_WARN_OBJC_IMPLICIT_RETAIN_SELF = YES;
				CLANG_WARN_OBJC_LITERAL_CONVERSION = YES;
				CLANG_WARN_OBJC_ROOT_CLASS = YES_ERROR;
				CLANG_WARN_QUOTED_INCLUDE_IN_FRAMEWORK_HEADER = YES;
				CLANG_WARN_RANGE_LOOP_ANALYSIS = YES;
				CLANG_WARN_STRICT_PROTOTYPES = YES;
				CLANG_WARN_SUSPICIOUS_MOVE = YES;
				CLANG_WARN_UNGUARDED_AVAILABILITY = YES_AGGRESSIVE;
				CLANG_WARN_UNREACHABLE_CODE = YES;
				CLANG_WARN__DUPLICATE_METHOD_MATCH = YES;
				COPY_PHASE_STRIP = NO;
				DEBUG_INFORMATION_FORMAT = "dwarf-with-dsym";
				ENABLE_NS_ASSERTIONS = NO;
				ENABLE_STRICT_OBJC_MSGSEND = YES;
				GCC_C_LANGUAGE_STANDARD = gnu11;
				GCC_NO_COMMON_BLOCKS = YES;
				GCC_WARN_64_TO_32_BIT_CONVERSION = YES;
				GCC_WARN_ABOUT_RETURN_TYPE = YES_ERROR;
				GCC_WARN_UNDECLARED_SELECTOR = YES;
				GCC_WARN_UNINITIALIZED_AUTOS = YES_AGGRESSIVE;
				GCC_WARN_UNUSED_FUNCTION = YES;
				GCC_WARN_UNUSED_VARIABLE = YES;
				IPHONEOS_DEPLOYMENT_TARGET = 15.0;
				MTL_ENABLE_DEBUG_INFO = NO;
				MTL_FAST_MATH = YES;
				SDKROOT = iphoneos;
				SWIFT_COMPILATION_MODE = wholemodule;
				SWIFT_OPTIMIZATION_LEVEL = "-O";
				VALIDATE_PRODUCT = YES;
			};
			name = Release;
		};
		7555FFA6242A565B00829871 /* Debug */ = {
			isa = XCBuildConfiguration;
			baseConfigurationReference = B9D38A03E20123BCFE0B256A /* Pods-Renting.debug.xcconfig */;
			buildSettings = {
				ASSETCATALOG_COMPILER_APPICON_NAME = AppIcon;
				CODE_SIGN_STYLE = Automatic;
				CURRENT_PROJECT_VERSION = 1;
				DEVELOPMENT_ASSET_PATHS = "\"Renting/Preview Content\"";
				ENABLE_PREVIEWS = YES;
				FRAMEWORK_SEARCH_PATHS = "$(SRCROOT)/../shared/build/xcode-frameworks/$(CONFIGURATION)/$(SDK_NAME)";
				INFOPLIST_FILE = Renting/Info.plist;
				INFOPLIST_KEY_CFBundleDisplayName = Renting;
				LD_RUNPATH_SEARCH_PATHS = (
					"$(inherited)",
					"@executable_path/Frameworks",
				);
				MARKETING_VERSION = 0.0.1;
				OTHER_LDFLAGS = (
					"$(inherited)",
					"-framework",
					shared,
				);
				PRODUCT_BUNDLE_IDENTIFIER = com.renting.app;
				PRODUCT_NAME = "$(TARGET_NAME)";
				SUPPORTED_PLATFORMS = "iphoneos iphonesimulator";
				SUPPORTS_MACCATALYST = NO;
				SUPPORTS_MAC_DESIGNED_FOR_IPHONE_IPAD = YES;
				SWIFT_VERSION = 5.0;
				TARGETED_DEVICE_FAMILY = "1,2";
			};
			name = Debug;
		};
		7555FFA7242A565B00829871 /* Release */ = {
			isa = XCBuildConfiguration;
			baseConfigurationReference = 201B4B2F17F9C9F7AB4E7B56 /* Pods-Renting.release.xcconfig */;
			buildSettings = {
				ASSETCATALOG_COMPILER_APPICON_NAME = AppIcon;
				CODE_SIGN_STYLE = Automatic;
				CURRENT_PROJECT_VERSION = 1;
				DEVELOPMENT_ASSET_PATHS = "\"Renting/Preview Content\"";
				ENABLE_PREVIEWS = YES;
				FRAMEWORK_SEARCH_PATHS = "$(SRCROOT)/../shared/build/xcode-frameworks/$(CONFIGURATION)/$(SDK_NAME)";
				INFOPLIST_FILE = Renting/Info.plist;
				INFOPLIST_KEY_CFBundleDisplayName = Renting;
				LD_RUNPATH_SEARCH_PATHS = (
					"$(inherited)",
					"@executable_path/Frameworks",
				);
				MARKETING_VERSION = 0.0.1;
				OTHER_LDFLAGS = (
					"$(inherited)",
					"-framework",
					shared,
				);
				PRODUCT_BUNDLE_IDENTIFIER = com.renting.app;
				PRODUCT_NAME = "$(TARGET_NAME)";
				SUPPORTED_PLATFORMS = "iphoneos iphonesimulator";
				SUPPORTS_MACCATALYST = NO;
				SUPPORTS_MAC_DESIGNED_FOR_IPHONE_IPAD = YES;
				SWIFT_VERSION = 5.0;
				TARGETED_DEVICE_FAMILY = "1,2";
			};
			name = Release;
		};
		FAA873CD29A7513900D2E202 /* Debug */ = {
			isa = XCBuildConfiguration;
			buildSettings = {
				BUNDLE_LOADER = "$(TEST_HOST)";
				CLANG_CXX_LANGUAGE_STANDARD = "gnu++20";
				CODE_SIGN_STYLE = Automatic;
				CURRENT_PROJECT_VERSION = 1;
				DEBUG_INFORMATION_FORMAT = dwarf;
				GENERATE_INFOPLIST_FILE = YES;
				IPHONEOS_DEPLOYMENT_TARGET = 16.2;
				MARKETING_VERSION = 1.0;
				PRODUCT_BUNDLE_IDENTIFIER = com.renting.RentingAppTests;
				PRODUCT_NAME = "$(TARGET_NAME)";
				SWIFT_EMIT_LOC_STRINGS = NO;
				SWIFT_VERSION = 5.0;
				TARGETED_DEVICE_FAMILY = "1,2";
				TEST_HOST = "$(BUILT_PRODUCTS_DIR)/Renting.app/$(BUNDLE_EXECUTABLE_FOLDER_PATH)/Renting";
			};
			name = Debug;
		};
		FAA873CE29A7513900D2E202 /* Release */ = {
			isa = XCBuildConfiguration;
			buildSettings = {
				BUNDLE_LOADER = "$(TEST_HOST)";
				CLANG_CXX_LANGUAGE_STANDARD = "gnu++20";
				CODE_SIGN_STYLE = Automatic;
				CURRENT_PROJECT_VERSION = 1;
				GENERATE_INFOPLIST_FILE = YES;
				IPHONEOS_DEPLOYMENT_TARGET = 16.2;
				MARKETING_VERSION = 1.0;
				PRODUCT_BUNDLE_IDENTIFIER = com.renting.RentingAppTests;
				PRODUCT_NAME = "$(TARGET_NAME)";
				SWIFT_EMIT_LOC_STRINGS = NO;
				SWIFT_VERSION = 5.0;
				TARGETED_DEVICE_FAMILY = "1,2";
				TEST_HOST = "$(BUILT_PRODUCTS_DIR)/Renting.app/$(BUNDLE_EXECUTABLE_FOLDER_PATH)/Renting";
			};
			name = Release;
		};
		FAA873DC29A7545500D2E202 /* Debug */ = {
			isa = XCBuildConfiguration;
			buildSettings = {
				CLANG_CXX_LANGUAGE_STANDARD = "gnu++20";
				CODE_SIGN_STYLE = Automatic;
				CURRENT_PROJECT_VERSION = 1;
				DEBUG_INFORMATION_FORMAT = dwarf;
				GENERATE_INFOPLIST_FILE = YES;
				IPHONEOS_DEPLOYMENT_TARGET = 16.2;
				MARKETING_VERSION = 1.0;
				PRODUCT_BUNDLE_IDENTIFIER = com.renting.RentingAppUITests;
				PRODUCT_NAME = "$(TARGET_NAME)";
				PROVISIONING_PROFILE = "";
				SWIFT_EMIT_LOC_STRINGS = NO;
				SWIFT_VERSION = 5.0;
				TARGETED_DEVICE_FAMILY = "1,2";
				TEST_TARGET_NAME = Renting;
			};
			name = Debug;
		};
		FAA873DD29A7545500D2E202 /* Release */ = {
			isa = XCBuildConfiguration;
			buildSettings = {
				CLANG_CXX_LANGUAGE_STANDARD = "gnu++20";
				CODE_SIGN_STYLE = Automatic;
				CURRENT_PROJECT_VERSION = 1;
				GENERATE_INFOPLIST_FILE = YES;
				IPHONEOS_DEPLOYMENT_TARGET = 16.2;
				MARKETING_VERSION = 1.0;
				PRODUCT_BUNDLE_IDENTIFIER = com.renting.RentingAppUITests;
				PRODUCT_NAME = "$(TARGET_NAME)";
				PROVISIONING_PROFILE = "";
				SWIFT_EMIT_LOC_STRINGS = NO;
				SWIFT_VERSION = 5.0;
				TARGETED_DEVICE_FAMILY = "1,2";
				TEST_TARGET_NAME = Renting;
			};
			name = Release;
		};
/* End XCBuildConfiguration section */

/* Begin XCConfigurationList section */
		7555FF76242A565900829871 /* Build configuration list for PBXProject "Renting" */ = {
			isa = XCConfigurationList;
			buildConfigurations = (
				7555FFA3242A565B00829871 /* Debug */,
				7555FFA4242A565B00829871 /* Release */,
			);
			defaultConfigurationIsVisible = 0;
			defaultConfigurationName = Release;
		};
		7555FFA5242A565B00829871 /* Build configuration list for PBXNativeTarget "Renting" */ = {
			isa = XCConfigurationList;
			buildConfigurations = (
				7555FFA6242A565B00829871 /* Debug */,
				7555FFA7242A565B00829871 /* Release */,
			);
			defaultConfigurationIsVisible = 0;
			defaultConfigurationName = Release;
		};
		FAA873CC29A7513900D2E202 /* Build configuration list for PBXNativeTarget "RentingTests" */ = {
			isa = XCConfigurationList;
			buildConfigurations = (
				FAA873CD29A7513900D2E202 /* Debug */,
				FAA873CE29A7513900D2E202 /* Release */,
			);
			defaultConfigurationIsVisible = 0;
			defaultConfigurationName = Release;
		};
		FAA873DB29A7545500D2E202 /* Build configuration list for PBXNativeTarget "RentingUITests" */ = {
			isa = XCConfigurationList;
			buildConfigurations = (
				FAA873DC29A7545500D2E202 /* Debug */,
				FAA873DD29A7545500D2E202 /* Release */,
			);
			defaultConfigurationIsVisible = 0;
			defaultConfigurationName = Release;
		};
/* End XCConfigurationList section */
	};
	rootObject = 7555FF73242A565900829871 /* Project object */;
}
